
Microsoft Visual Studio Solution File, Format Version 12.00
Project("{FAE04EC0-301F-11D3-BF4B-00C04F79EFBC}") = "AdventofCode 2015 Day2", "AdventofCode 2015 Day2\AdventofCode 2015 Day2.csproj", "{98E87350-7018-486C-9C07-98382F0DE841}"
EndProject
Global
	GlobalSection(SolutionConfigurationPlatforms) = preSolution
		Debug|Any CPU = Debug|Any CPU
		Release|Any CPU = Release|Any CPU
	EndGlobalSection
	GlobalSection(ProjectConfigurationPlatforms) = postSolution
		{98E87350-7018-486C-9C07-98382F0DE841}.Debug|Any CPU.ActiveCfg = Debug|Any CPU
		{98E87350-7018-486C-9C07-98382F0DE841}.Debug|Any CPU.Build.0 = Debug|Any CPU
		{98E87350-7018-486C-9C07-98382F0DE841}.Release|Any CPU.ActiveCfg = Release|Any CPU
		{98E87350-7018-486C-9C07-98382F0DE841}.Release|Any CPU.Build.0 = Release|Any CPU
	EndGlobalSection
EndGlobal
